// !$*UTF8*$!
{
	archiveVersion = 1;
	classes = {
	};
	objectVersion = 56;
	objects = {

/* Begin PBXBuildFile section */
		04122E112E69FD69005788F2 /* TrianglZiOSTaskApp.swift in Sources */ = {isa = PBXBuildFile; fileRef = 04122E102E69FD69005788F2 /* TrianglZiOSTaskApp.swift */; };
		04122E132E69FD69005788F2 /* ContentView.swift in Sources */ = {isa = PBXBuildFile; fileRef = 04122E122E69FD69005788F2 /* ContentView.swift */; };
		04122E152E69FD6B005788F2 /* Assets.xcassets in Resources */ = {isa = PBXBuildFile; fileRef = 04122E142E69FD6B005788F2 /* Assets.xcassets */; };
		04122E182E69FD6B005788F2 /* Preview Assets.xcassets in Resources */ = {isa = PBXBuildFile; fileRef = 04122E172E69FD6B005788F2 /* Preview Assets.xcassets */; };
		04122E252E6A0070005788F2 /* TrianglZiOSTaskTests.swift in Sources */ = {isa = PBXBuildFile; fileRef = 04122E242E6A0070005788F2 /* TrianglZiOSTaskTests.swift */; };
		04122E382E6A0606005788F2 /* Post.swift in Sources */ = {isa = PBXBuildFile; fileRef = 04122E372E6A0606005788F2 /* Post.swift */; };
		04122E3A2E6A0802005788F2 /* RemotePostsAPI.swift in Sources */ = {isa = PBXBuildFile; fileRef = 04122E392E6A0802005788F2 /* RemotePostsAPI.swift */; };
		04122E3D2E6A0B12005788F2 /* TrianglZiOSTask.xcdatamodeld in Sources */ = {isa = PBXBuildFile; fileRef = 04122E3B2E6A0B12005788F2 /* TrianglZiOSTask.xcdatamodeld */; };
		04122E432E6A0C4D005788F2 /* NSPersistentContainer.swift in Sources */ = {isa = PBXBuildFile; fileRef = 04122E422E6A0C4D005788F2 /* NSPersistentContainer.swift */; };
/* End PBXBuildFile section */

/* Begin PBXContainerItemProxy section */
		04122E262E6A0070005788F2 /* PBXContainerItemProxy */ = {
			isa = PBXContainerItemProxy;
			containerPortal = 04122E052E69FD68005788F2 /* Project object */;
			proxyType = 1;
			remoteGlobalIDString = 04122E0C2E69FD69005788F2;
			remoteInfo = TrianglZiOSTask;
		};
/* End PBXContainerItemProxy section */

/* Begin PBXFileReference section */
		04122E0D2E69FD69005788F2 /* TrianglZiOSTask.app */ = {isa = PBXFileReference; explicitFileType = wrapper.application; includeInIndex = 0; path = TrianglZiOSTask.app; sourceTree = BUILT_PRODUCTS_DIR; };
		04122E102E69FD69005788F2 /* TrianglZiOSTaskApp.swift */ = {isa = PBXFileReference; lastKnownFileType = sourcecode.swift; path = TrianglZiOSTaskApp.swift; sourceTree = "<group>"; };
		04122E122E69FD69005788F2 /* ContentView.swift */ = {isa = PBXFileReference; lastKnownFileType = sourcecode.swift; path = ContentView.swift; sourceTree = "<group>"; };
		04122E142E69FD6B005788F2 /* Assets.xcassets */ = {isa = PBXFileReference; lastKnownFileType = folder.assetcatalog; path = Assets.xcassets; sourceTree = "<group>"; };
		04122E172E69FD6B005788F2 /* Preview Assets.xcassets */ = {isa = PBXFileReference; lastKnownFileType = folder.assetcatalog; path = "Preview Assets.xcassets"; sourceTree = "<group>"; };
		04122E222E6A0070005788F2 /* TrianglZiOSTaskTests.xctest */ = {isa = PBXFileReference; explicitFileType = wrapper.cfbundle; includeInIndex = 0; path = TrianglZiOSTaskTests.xctest; sourceTree = BUILT_PRODUCTS_DIR; };
		04122E242E6A0070005788F2 /* TrianglZiOSTaskTests.swift */ = {isa = PBXFileReference; lastKnownFileType = sourcecode.swift; path = TrianglZiOSTaskTests.swift; sourceTree = "<group>"; };
		04122E372E6A0606005788F2 /* Post.swift */ = {isa = PBXFileReference; lastKnownFileType = sourcecode.swift; path = Post.swift; sourceTree = "<group>"; };
		04122E392E6A0802005788F2 /* RemotePostsAPI.swift */ = {isa = PBXFileReference; lastKnownFileType = sourcecode.swift; path = RemotePostsAPI.swift; sourceTree = "<group>"; };
		04122E3C2E6A0B12005788F2 /* TrianglZiOSTask.xcdatamodel */ = {isa = PBXFileReference; lastKnownFileType = wrapper.xcdatamodel; path = TrianglZiOSTask.xcdatamodel; sourceTree = "<group>"; };
		04122E422E6A0C4D005788F2 /* NSPersistentContainer.swift */ = {isa = PBXFileReference; lastKnownFileType = sourcecode.swift; path = NSPersistentContainer.swift; sourceTree = "<group>"; };
/* End PBXFileReference section */

/* Begin PBXFrameworksBuildPhase section */
		04122E0A2E69FD69005788F2 /* Frameworks */ = {
			isa = PBXFrameworksBuildPhase;
			buildActionMask = 2147483647;
			files = (
			);
			runOnlyForDeploymentPostprocessing = 0;
		};
		04122E1F2E6A0070005788F2 /* Frameworks */ = {
			isa = PBXFrameworksBuildPhase;
			buildActionMask = 2147483647;
			files = (
			);
			runOnlyForDeploymentPostprocessing = 0;
		};
/* End PBXFrameworksBuildPhase section */

/* Begin PBXGroup section */
		04122E042E69FD68005788F2 = {
			isa = PBXGroup;
			children = (
				04122E3B2E6A0B12005788F2 /* TrianglZiOSTask.xcdatamodeld */,
				04122E422E6A0C4D005788F2 /* NSPersistentContainer.swift */,
				04122E0F2E69FD69005788F2 /* TrianglZiOSTask */,
				04122E232E6A0070005788F2 /* TrianglZiOSTaskTests */,
				04122E0E2E69FD69005788F2 /* Products */,
			);
			sourceTree = "<group>";
		};
		04122E0E2E69FD69005788F2 /* Products */ = {
			isa = PBXGroup;
			children = (
				04122E0D2E69FD69005788F2 /* TrianglZiOSTask.app */,
				04122E222E6A0070005788F2 /* TrianglZiOSTaskTests.xctest */,
			);
			name = Products;
			sourceTree = "<group>";
		};
		04122E0F2E69FD69005788F2 /* TrianglZiOSTask */ = {
			isa = PBXGroup;
			children = (
				04122E2D2E6A00AE005788F2 /* Domain */,
				04122E2C2E6A00A2005788F2 /* Data */,
				04122E2B2E6A0094005788F2 /* Presentation */,
				04122E362E6A0412005788F2 /* Resources */,
				04122E162E69FD6B005788F2 /* Preview Content */,
			);
			path = TrianglZiOSTask;
			sourceTree = "<group>";
		};
		04122E162E69FD6B005788F2 /* Preview Content */ = {
			isa = PBXGroup;
			children = (
				04122E172E69FD6B005788F2 /* Preview Assets.xcassets */,
			);
			path = "Preview Content";
			sourceTree = "<group>";
		};
		04122E232E6A0070005788F2 /* TrianglZiOSTaskTests */ = {
			isa = PBXGroup;
			children = (
				04122E242E6A0070005788F2 /* TrianglZiOSTaskTests.swift */,
			);
			path = TrianglZiOSTaskTests;
			sourceTree = "<group>";
		};
		04122E2B2E6A0094005788F2 /* Presentation */ = {
			isa = PBXGroup;
			children = (
				04122E2F2E6A0164005788F2 /* ViewModels */,
				04122E2E2E6A0151005788F2 /* Views */,
			);
			path = Presentation;
			sourceTree = "<group>";
		};
		04122E2C2E6A00A2005788F2 /* Data */ = {
			isa = PBXGroup;
			children = (
				04122E352E6A03FE005788F2 /* Repositories Implementations */,
				04122E392E6A0802005788F2 /* RemotePostsAPI.swift */,
			);
			path = Data;
			sourceTree = "<group>";
		};
		04122E2D2E6A00AE005788F2 /* Domain */ = {
			isa = PBXGroup;
			children = (
				04122E322E6A038A005788F2 /* Protocols */,
				04122E312E6A037C005788F2 /* UseCases */,
				04122E302E6A035A005788F2 /* Entities */,
			);
			path = Domain;
			sourceTree = "<group>";
		};
		04122E2E2E6A0151005788F2 /* Views */ = {
			isa = PBXGroup;
			children = (
				04122E102E69FD69005788F2 /* TrianglZiOSTaskApp.swift */,
				04122E122E69FD69005788F2 /* ContentView.swift */,
			);
			path = Views;
			sourceTree = "<group>";
		};
		04122E2F2E6A0164005788F2 /* ViewModels */ = {
			isa = PBXGroup;
			children = (
			);
			path = ViewModels;
			sourceTree = "<group>";
		};
		04122E302E6A035A005788F2 /* Entities */ = {
			isa = PBXGroup;
			children = (
				04122E372E6A0606005788F2 /* Post.swift */,
			);
			path = Entities;
			sourceTree = "<group>";
		};
		04122E312E6A037C005788F2 /* UseCases */ = {
			isa = PBXGroup;
			children = (
			);
			path = UseCases;
			sourceTree = "<group>";
		};
		04122E322E6A038A005788F2 /* Protocols */ = {
			isa = PBXGroup;
			children = (
				04122E342E6A03C6005788F2 /* UseCasesProtocols */,
				04122E332E6A03B9005788F2 /* RepositoryProtocols */,
			);
			path = Protocols;
			sourceTree = "<group>";
		};
		04122E332E6A03B9005788F2 /* RepositoryProtocols */ = {
			isa = PBXGroup;
			children = (
			);
			path = RepositoryProtocols;
			sourceTree = "<group>";
		};
		04122E342E6A03C6005788F2 /* UseCasesProtocols */ = {
			isa = PBXGroup;
			children = (
			);
			path = UseCasesProtocols;
			sourceTree = "<group>";
		};
		04122E352E6A03FE005788F2 /* Repositories Implementations */ = {
			isa = PBXGroup;
			children = (
			);
			path = "Repositories Implementations";
			sourceTree = "<group>";
		};
		04122E362E6A0412005788F2 /* Resources */ = {
			isa = PBXGroup;
			children = (
				04122E142E69FD6B005788F2 /* Assets.xcassets */,
			);
			path = Resources;
			sourceTree = "<group>";
		};
/* End PBXGroup section */

/* Begin PBXNativeTarget section */
		04122E0C2E69FD69005788F2 /* TrianglZiOSTask */ = {
			isa = PBXNativeTarget;
			buildConfigurationList = 04122E1B2E69FD6B005788F2 /* Build configuration list for PBXNativeTarget "TrianglZiOSTask" */;
			buildPhases = (
				04122E092E69FD69005788F2 /* Sources */,
				04122E0A2E69FD69005788F2 /* Frameworks */,
				04122E0B2E69FD69005788F2 /* Resources */,
			);
			buildRules = (
			);
			dependencies = (
			);
			name = TrianglZiOSTask;
			productName = TrianglZiOSTask;
			productReference = 04122E0D2E69FD69005788F2 /* TrianglZiOSTask.app */;
			productType = "com.apple.product-type.application";
		};
		04122E212E6A0070005788F2 /* TrianglZiOSTaskTests */ = {
			isa = PBXNativeTarget;
			buildConfigurationList = 04122E282E6A0070005788F2 /* Build configuration list for PBXNativeTarget "TrianglZiOSTaskTests" */;
			buildPhases = (
				04122E1E2E6A0070005788F2 /* Sources */,
				04122E1F2E6A0070005788F2 /* Frameworks */,
				04122E202E6A0070005788F2 /* Resources */,
			);
			buildRules = (
			);
			dependencies = (
				04122E272E6A0070005788F2 /* PBXTargetDependency */,
			);
			name = TrianglZiOSTaskTests;
			productName = TrianglZiOSTaskTests;
			productReference = 04122E222E6A0070005788F2 /* TrianglZiOSTaskTests.xctest */;
			productType = "com.apple.product-type.bundle.unit-test";
		};
/* End PBXNativeTarget section */

/* Begin PBXProject section */
		04122E052E69FD68005788F2 /* Project object */ = {
			isa = PBXProject;
			attributes = {
				BuildIndependentTargetsInParallel = 1;
				LastSwiftUpdateCheck = 1420;
				LastUpgradeCheck = 1420;
				TargetAttributes = {
					04122E0C2E69FD69005788F2 = {
						CreatedOnToolsVersion = 14.2;
					};
					04122E212E6A0070005788F2 = {
						CreatedOnToolsVersion = 14.2;
						TestTargetID = 04122E0C2E69FD69005788F2;
					};
				};
			};
			buildConfigurationList = 04122E082E69FD68005788F2 /* Build configuration list for PBXProject "TrianglZiOSTask" */;
			compatibilityVersion = "Xcode 14.0";
			developmentRegion = en;
			hasScannedForEncodings = 0;
			knownRegions = (
				en,
				Base,
			);
			mainGroup = 04122E042E69FD68005788F2;
			productRefGroup = 04122E0E2E69FD69005788F2 /* Products */;
			projectDirPath = "";
			projectRoot = "";
			targets = (
				04122E0C2E69FD69005788F2 /* TrianglZiOSTask */,
				04122E212E6A0070005788F2 /* TrianglZiOSTaskTests */,
			);
		};
/* End PBXProject section */

/* Begin PBXResourcesBuildPhase section */
		04122E0B2E69FD69005788F2 /* Resources */ = {
			isa = PBXResourcesBuildPhase;
			buildActionMask = 2147483647;
			files = (
				04122E182E69FD6B005788F2 /* Preview Assets.xcassets in Resources */,
				04122E152E69FD6B005788F2 /* Assets.xcassets in Resources */,
			);
			runOnlyForDeploymentPostprocessing = 0;
		};
		04122E202E6A0070005788F2 /* Resources */ = {
			isa = PBXResourcesBuildPhase;
			buildActionMask = 2147483647;
			files = (
			);
			runOnlyForDeploymentPostprocessing = 0;
		};
/* End PBXResourcesBuildPhase section */

/* Begin PBXSourcesBuildPhase section */
		04122E092E69FD69005788F2 /* Sources */ = {
			isa = PBXSourcesBuildPhase;
			buildActionMask = 2147483647;
			files = (
				04122E382E6A0606005788F2 /* Post.swift in Sources */,
				04122E432E6A0C4D005788F2 /* NSPersistentContainer.swift in Sources */,
				04122E132E69FD69005788F2 /* ContentView.swift in Sources */,
				04122E112E69FD69005788F2 /* TrianglZiOSTaskApp.swift in Sources */,
				04122E3D2E6A0B12005788F2 /* TrianglZiOSTask.xcdatamodeld in Sources */,
				04122E3A2E6A0802005788F2 /* RemotePostsAPI.swift in Sources */,
			);
			runOnlyForDeploymentPostprocessing = 0;
		};
		04122E1E2E6A0070005788F2 /* Sources */ = {
			isa = PBXSourcesBuildPhase;
			buildActionMask = 2147483647;
			files = (
				04122E252E6A0070005788F2 /* TrianglZiOSTaskTests.swift in Sources */,
			);
			runOnlyForDeploymentPostprocessing = 0;
		};
/* End PBXSourcesBuildPhase section */

/* Begin PBXTargetDependency section */
		04122E272E6A0070005788F2 /* PBXTargetDependency */ = {
			isa = PBXTargetDependency;
			target = 04122E0C2E69FD69005788F2 /* TrianglZiOSTask */;
			targetProxy = 04122E262E6A0070005788F2 /* PBXContainerItemProxy */;
		};
/* End PBXTargetDependency section */

/* Begin XCBuildConfiguration section */
		04122E192E69FD6B005788F2 /* Debug */ = {
			isa = XCBuildConfiguration;
			buildSettings = {
				ALWAYS_SEARCH_USER_PATHS = NO;
				CLANG_ANALYZER_NONNULL = YES;
				CLANG_ANALYZER_NUMBER_OBJECT_CONVERSION = YES_AGGRESSIVE;
				CLANG_CXX_LANGUAGE_STANDARD = "gnu++20";
				CLANG_ENABLE_MODULES = YES;
				CLANG_ENABLE_OBJC_ARC = YES;
				CLANG_ENABLE_OBJC_WEAK = YES;
				CLANG_WARN_BLOCK_CAPTURE_AUTORELEASING = YES;
				CLANG_WARN_BOOL_CONVERSION = YES;
				CLANG_WARN_COMMA = YES;
				CLANG_WARN_CONSTANT_CONVERSION = YES;
				CLANG_WARN_DEPRECATED_OBJC_IMPLEMENTATIONS = YES;
				CLANG_WARN_DIRECT_OBJC_ISA_USAGE = YES_ERROR;
				CLANG_WARN_DOCUMENTATION_COMMENTS = YES;
				CLANG_WARN_EMPTY_BODY = YES;
				CLANG_WARN_ENUM_CONVERSION = YES;
				CLANG_WARN_INFINITE_RECURSION = YES;
				CLANG_WARN_INT_CONVERSION = YES;
				CLANG_WARN_NON_LITERAL_NULL_CONVERSION = YES;
				CLANG_WARN_OBJC_IMPLICIT_RETAIN_SELF = YES;
				CLANG_WARN_OBJC_LITERAL_CONVERSION = YES;
				CLANG_WARN_OBJC_ROOT_CLASS = YES_ERROR;
				CLANG_WARN_QUOTED_INCLUDE_IN_FRAMEWORK_HEADER = YES;
				CLANG_WARN_RANGE_LOOP_ANALYSIS = YES;
				CLANG_WARN_STRICT_PROTOTYPES = YES;
				CLANG_WARN_SUSPICIOUS_MOVE = YES;
				CLANG_WARN_UNGUARDED_AVAILABILITY = YES_AGGRESSIVE;
				CLANG_WARN_UNREACHABLE_CODE = YES;
				CLANG_WARN__DUPLICATE_METHOD_MATCH = YES;
				COPY_PHASE_STRIP = NO;
				DEBUG_INFORMATION_FORMAT = dwarf;
				ENABLE_STRICT_OBJC_MSGSEND = YES;
				ENABLE_TESTABILITY = YES;
				GCC_C_LANGUAGE_STANDARD = gnu11;
				GCC_DYNAMIC_NO_PIC = NO;
				GCC_NO_COMMON_BLOCKS = YES;
				GCC_OPTIMIZATION_LEVEL = 0;
				GCC_PREPROCESSOR_DEFINITIONS = (
					"DEBUG=1",
					"$(inherited)",
				);
				GCC_WARN_64_TO_32_BIT_CONVERSION = YES;
				GCC_WARN_ABOUT_RETURN_TYPE = YES_ERROR;
				GCC_WARN_UNDECLARED_SELECTOR = YES;
				GCC_WARN_UNINITIALIZED_AUTOS = YES_AGGRESSIVE;
				GCC_WARN_UNUSED_FUNCTION = YES;
				GCC_WARN_UNUSED_VARIABLE = YES;
				IPHONEOS_DEPLOYMENT_TARGET = 16.2;
				MTL_ENABLE_DEBUG_INFO = INCLUDE_SOURCE;
				MTL_FAST_MATH = YES;
				ONLY_ACTIVE_ARCH = YES;
				SDKROOT = iphoneos;
				SWIFT_ACTIVE_COMPILATION_CONDITIONS = DEBUG;
				SWIFT_OPTIMIZATION_LEVEL = "-Onone";
			};
			name = Debug;
		};
		04122E1A2E69FD6B005788F2 /* Release */ = {
			isa = XCBuildConfiguration;
			buildSettings = {
				ALWAYS_SEARCH_USER_PATHS = NO;
				CLANG_ANALYZER_NONNULL = YES;
				CLANG_ANALYZER_NUMBER_OBJECT_CONVERSION = YES_AGGRESSIVE;
				CLANG_CXX_LANGUAGE_STANDARD = "gnu++20";
				CLANG_ENABLE_MODULES = YES;
				CLANG_ENABLE_OBJC_ARC = YES;
				CLANG_ENABLE_OBJC_WEAK = YES;
				CLANG_WARN_BLOCK_CAPTURE_AUTORELEASING = YES;
				CLANG_WARN_BOOL_CONVERSION = YES;
				CLANG_WARN_COMMA = YES;
				CLANG_WARN_CONSTANT_CONVERSION = YES;
				CLANG_WARN_DEPRECATED_OBJC_IMPLEMENTATIONS = YES;
				CLANG_WARN_DIRECT_OBJC_ISA_USAGE = YES_ERROR;
				CLANG_WARN_DOCUMENTATION_COMMENTS = YES;
				CLANG_WARN_EMPTY_BODY = YES;
				CLANG_WARN_ENUM_CONVERSION = YES;
				CLANG_WARN_INFINITE_RECURSION = YES;
				CLANG_WARN_INT_CONVERSION = YES;
				CLANG_WARN_NON_LITERAL_NULL_CONVERSION = YES;
				CLANG_WARN_OBJC_IMPLICIT_RETAIN_SELF = YES;
				CLANG_WARN_OBJC_LITERAL_CONVERSION = YES;
				CLANG_WARN_OBJC_ROOT_CLASS = YES_ERROR;
				CLANG_WARN_QUOTED_INCLUDE_IN_FRAMEWORK_HEADER = YES;
				CLANG_WARN_RANGE_LOOP_ANALYSIS = YES;
				CLANG_WARN_STRICT_PROTOTYPES = YES;
				CLANG_WARN_SUSPICIOUS_MOVE = YES;
				CLANG_WARN_UNGUARDED_AVAILABILITY = YES_AGGRESSIVE;
				CLANG_WARN_UNREACHABLE_CODE = YES;
				CLANG_WARN__DUPLICATE_METHOD_MATCH = YES;
				COPY_PHASE_STRIP = NO;
				DEBUG_INFORMATION_FORMAT = "dwarf-with-dsym";
				ENABLE_NS_ASSERTIONS = NO;
				ENABLE_STRICT_OBJC_MSGSEND = YES;
				GCC_C_LANGUAGE_STANDARD = gnu11;
				GCC_NO_COMMON_BLOCKS = YES;
				GCC_WARN_64_TO_32_BIT_CONVERSION = YES;
				GCC_WARN_ABOUT_RETURN_TYPE = YES_ERROR;
				GCC_WARN_UNDECLARED_SELECTOR = YES;
				GCC_WARN_UNINITIALIZED_AUTOS = YES_AGGRESSIVE;
				GCC_WARN_UNUSED_FUNCTION = YES;
				GCC_WARN_UNUSED_VARIABLE = YES;
				IPHONEOS_DEPLOYMENT_TARGET = 16.2;
				MTL_ENABLE_DEBUG_INFO = NO;
				MTL_FAST_MATH = YES;
				SDKROOT = iphoneos;
				SWIFT_COMPILATION_MODE = wholemodule;
				SWIFT_OPTIMIZATION_LEVEL = "-O";
				VALIDATE_PRODUCT = YES;
			};
			name = Release;
		};
		04122E1C2E69FD6B005788F2 /* Debug */ = {
			isa = XCBuildConfiguration;
			buildSettings = {
				ASSETCATALOG_COMPILER_APPICON_NAME = AppIcon;
				ASSETCATALOG_COMPILER_GLOBAL_ACCENT_COLOR_NAME = AccentColor;
				CODE_SIGN_STYLE = Automatic;
				CURRENT_PROJECT_VERSION = 1;
				DEVELOPMENT_ASSET_PATHS = "\"TrianglZiOSTask/Preview Content\"";
				ENABLE_PREVIEWS = YES;
				GENERATE_INFOPLIST_FILE = YES;
				INFOPLIST_KEY_UIApplicationSceneManifest_Generation = YES;
				INFOPLIST_KEY_UIApplicationSupportsIndirectInputEvents = YES;
				INFOPLIST_KEY_UILaunchScreen_Generation = YES;
				INFOPLIST_KEY_UISupportedInterfaceOrientations_iPad = "UIInterfaceOrientationPortrait UIInterfaceOrientationPortraitUpsideDown UIInterfaceOrientationLandscapeLeft UIInterfaceOrientationLandscapeRight";
				INFOPLIST_KEY_UISupportedInterfaceOrientations_iPhone = "UIInterfaceOrientationPortrait UIInterfaceOrientationLandscapeLeft UIInterfaceOrientationLandscapeRight";
				LD_RUNPATH_SEARCH_PATHS = (
					"$(inherited)",
					"@executable_path/Frameworks",
				);
				MARKETING_VERSION = 1.0;
				PRODUCT_BUNDLE_IDENTIFIER = com.basantsalama.TrianglZiOSTask;
				PRODUCT_NAME = "$(TARGET_NAME)";
				SWIFT_EMIT_LOC_STRINGS = YES;
				SWIFT_VERSION = 5.0;
				TARGETED_DEVICE_FAMILY = "1,2";
			};
			name = Debug;
		};
		04122E1D2E69FD6B005788F2 /* Release */ = {
			isa = XCBuildConfiguration;
			buildSettings = {
				ASSETCATALOG_COMPILER_APPICON_NAME = AppIcon;
				ASSETCATALOG_COMPILER_GLOBAL_ACCENT_COLOR_NAME = AccentColor;
				CODE_SIGN_STYLE = Automatic;
				CURRENT_PROJECT_VERSION = 1;
				DEVELOPMENT_ASSET_PATHS = "\"TrianglZiOSTask/Preview Content\"";
				ENABLE_PREVIEWS = YES;
				GENERATE_INFOPLIST_FILE = YES;
				INFOPLIST_KEY_UIApplicationSceneManifest_Generation = YES;
				INFOPLIST_KEY_UIApplicationSupportsIndirectInputEvents = YES;
				INFOPLIST_KEY_UILaunchScreen_Generation = YES;
				INFOPLIST_KEY_UISupportedInterfaceOrientations_iPad = "UIInterfaceOrientationPortrait UIInterfaceOrientationPortraitUpsideDown UIInterfaceOrientationLandscapeLeft UIInterfaceOrientationLandscapeRight";
				INFOPLIST_KEY_UISupportedInterfaceOrientations_iPhone = "UIInterfaceOrientationPortrait UIInterfaceOrientationLandscapeLeft UIInterfaceOrientationLandscapeRight";
				LD_RUNPATH_SEARCH_PATHS = (
					"$(inherited)",
					"@executable_path/Frameworks",
				);
				MARKETING_VERSION = 1.0;
				PRODUCT_BUNDLE_IDENTIFIER = com.basantsalama.TrianglZiOSTask;
				PRODUCT_NAME = "$(TARGET_NAME)";
				SWIFT_EMIT_LOC_STRINGS = YES;
				SWIFT_VERSION = 5.0;
				TARGETED_DEVICE_FAMILY = "1,2";
			};
			name = Release;
		};
		04122E292E6A0070005788F2 /* Debug */ = {
			isa = XCBuildConfiguration;
			buildSettings = {
				BUNDLE_LOADER = "$(TEST_HOST)";
				CODE_SIGN_STYLE = Automatic;
				CURRENT_PROJECT_VERSION = 1;
				GENERATE_INFOPLIST_FILE = YES;
				MARKETING_VERSION = 1.0;
				PRODUCT_BUNDLE_IDENTIFIER = com.basantsalama.TrianglZiOSTaskTests;
				PRODUCT_NAME = "$(TARGET_NAME)";
				SWIFT_EMIT_LOC_STRINGS = NO;
				SWIFT_VERSION = 5.0;
				TARGETED_DEVICE_FAMILY = "1,2";
				TEST_HOST = "$(BUILT_PRODUCTS_DIR)/TrianglZiOSTask.app/$(BUNDLE_EXECUTABLE_FOLDER_PATH)/TrianglZiOSTask";
			};
			name = Debug;
		};
		04122E2A2E6A0070005788F2 /* Release */ = {
			isa = XCBuildConfiguration;
			buildSettings = {
				BUNDLE_LOADER = "$(TEST_HOST)";
				CODE_SIGN_STYLE = Automatic;
				CURRENT_PROJECT_VERSION = 1;
				GENERATE_INFOPLIST_FILE = YES;
				MARKETING_VERSION = 1.0;
				PRODUCT_BUNDLE_IDENTIFIER = com.basantsalama.TrianglZiOSTaskTests;
				PRODUCT_NAME = "$(TARGET_NAME)";
				SWIFT_EMIT_LOC_STRINGS = NO;
				SWIFT_VERSION = 5.0;
				TARGETED_DEVICE_FAMILY = "1,2";
				TEST_HOST = "$(BUILT_PRODUCTS_DIR)/TrianglZiOSTask.app/$(BUNDLE_EXECUTABLE_FOLDER_PATH)/TrianglZiOSTask";
			};
			name = Release;
		};
/* End XCBuildConfiguration section */

/* Begin XCConfigurationList section */
		04122E082E69FD68005788F2 /* Build configuration list for PBXProject "TrianglZiOSTask" */ = {
			isa = XCConfigurationList;
			buildConfigurations = (
				04122E192E69FD6B005788F2 /* Debug */,
				04122E1A2E69FD6B005788F2 /* Release */,
			);
			defaultConfigurationIsVisible = 0;
			defaultConfigurationName = Release;
		};
		04122E1B2E69FD6B005788F2 /* Build configuration list for PBXNativeTarget "TrianglZiOSTask" */ = {
			isa = XCConfigurationList;
			buildConfigurations = (
				04122E1C2E69FD6B005788F2 /* Debug */,
				04122E1D2E69FD6B005788F2 /* Release */,
			);
			defaultConfigurationIsVisible = 0;
			defaultConfigurationName = Release;
		};
		04122E282E6A0070005788F2 /* Build configuration list for PBXNativeTarget "TrianglZiOSTaskTests" */ = {
			isa = XCConfigurationList;
			buildConfigurations = (
				04122E292E6A0070005788F2 /* Debug */,
				04122E2A2E6A0070005788F2 /* Release */,
			);
			defaultConfigurationIsVisible = 0;
			defaultConfigurationName = Release;
		};
/* End XCConfigurationList section */

/* Begin XCVersionGroup section */
		04122E3B2E6A0B12005788F2 /* TrianglZiOSTask.xcdatamodeld */ = {
			isa = XCVersionGroup;
			children = (
				04122E3C2E6A0B12005788F2 /* TrianglZiOSTask.xcdatamodel */,
			);
			currentVersion = 04122E3C2E6A0B12005788F2 /* TrianglZiOSTask.xcdatamodel */;
			path = TrianglZiOSTask.xcdatamodeld;
			sourceTree = "<group>";
			versionGroupType = wrapper.xcdatamodel;
		};
/* End XCVersionGroup section */
	};
	rootObject = 04122E052E69FD68005788F2 /* Project object */;
}
